
Microsoft Visual Studio Solution File, Format Version 12.00
# Visual Studio Version 17
VisualStudioVersion = 17.3.32811.315
MinimumVisualStudioVersion = 10.0.40219.1
Project("{9A19103F-16F7-4668-BE54-9A1E7A4F7556}") = "Robocraft2BlockPenSim", "Robocraft2BlockPenSim\Robocraft2BlockPenSim.csproj", "{9CC9C85E-9872-4DB3-B9B0-21791A1FE3D9}"
EndProject
Project("{FAE04EC0-301F-11D3-BF4B-00C04F79EFBC}") = "Robocraft2BlockPenSimApp", "Robocraft2BlockPenSimApp\Robocraft2BlockPenSimApp.csproj", "{7646D536-B583-4338-8C5F-F961D7C8C567}"
EndProject
Global
	GlobalSection(SolutionConfigurationPlatforms) = preSolution
		Debug|Any CPU = Debug|Any CPU
		Release|Any CPU = Release|Any CPU
	EndGlobalSection
	GlobalSection(ProjectConfigurationPlatforms) = postSolution
		{9CC9C85E-9872-4DB3-B9B0-21791A1FE3D9}.Debug|Any CPU.ActiveCfg = Debug|Any CPU
		{9CC9C85E-9872-4DB3-B9B0-21791A1FE3D9}.Debug|Any CPU.Build.0 = Debug|Any CPU
		{9CC9C85E-9872-4DB3-B9B0-21791A1FE3D9}.Release|Any CPU.ActiveCfg = Release|Any CPU
		{9CC9C85E-9872-4DB3-B9B0-21791A1FE3D9}.Release|Any CPU.Build.0 = Release|Any CPU
		{7646D536-B583-4338-8C5F-F961D7C8C567}.Debug|Any CPU.ActiveCfg = Debug|Any CPU
		{7646D536-B583-4338-8C5F-F961D7C8C567}.Debug|Any CPU.Build.0 = Debug|Any CPU
		{7646D536-B583-4338-8C5F-F961D7C8C567}.Debug|Any CPU.Deploy.0 = Debug|Any CPU
		{7646D536-B583-4338-8C5F-F961D7C8C567}.Release|Any CPU.ActiveCfg = Release|Any CPU
		{7646D536-B583-4338-8C5F-F961D7C8C567}.Release|Any CPU.Build.0 = Release|Any CPU
		{7646D536-B583-4338-8C5F-F961D7C8C567}.Release|Any CPU.Deploy.0 = Release|Any CPU
	EndGlobalSection
	GlobalSection(SolutionProperties) = preSolution
		HideSolutionNode = FALSE
	EndGlobalSection
	GlobalSection(ExtensibilityGlobals) = postSolution
		SolutionGuid = {6007427F-CBA6-42FC-B093-2A3705BC2AC7}
	EndGlobalSection
EndGlobal
